// !$*UTF8*$!
{
	archiveVersion = 1;
	classes = {
	};
	objectVersion = 50;
	objects = {

/* Begin PBXBuildFile section */
		F52CB6D92243BAFE006BE560 /* AppDelegate.swift in Sources */ = {isa = PBXBuildFile; fileRef = F52CB6D82243BAFE006BE560 /* AppDelegate.swift */; };
		F52CB6DB2243BAFE006BE560 /* ViewController.swift in Sources */ = {isa = PBXBuildFile; fileRef = F52CB6DA2243BAFE006BE560 /* ViewController.swift */; };
		F52CB6DE2243BAFE006BE560 /* Main.storyboard in Resources */ = {isa = PBXBuildFile; fileRef = F52CB6DC2243BAFE006BE560 /* Main.storyboard */; };
		F52CB6E02243BB00006BE560 /* Assets.xcassets in Resources */ = {isa = PBXBuildFile; fileRef = F52CB6DF2243BB00006BE560 /* Assets.xcassets */; };
		F52CB6E32243BB00006BE560 /* LaunchScreen.storyboard in Resources */ = {isa = PBXBuildFile; fileRef = F52CB6E12243BB00006BE560 /* LaunchScreen.storyboard */; };
		F52CB6EC2244A81D006BE560 /* Color.swift in Sources */ = {isa = PBXBuildFile; fileRef = F52CB6EB2244A81D006BE560 /* Color.swift */; };
		F5342A372246C7A300044023 /* formatInputs.swift in Sources */ = {isa = PBXBuildFile; fileRef = F5342A362246C7A300044023 /* formatInputs.swift */; };
		F5342A392246C8E200044023 /* setColors.swift in Sources */ = {isa = PBXBuildFile; fileRef = F5342A382246C8E200044023 /* setColors.swift */; };
/* End PBXBuildFile section */

/* Begin PBXFileReference section */
		F52CB6D52243BAFE006BE560 /* NoDice.app */ = {isa = PBXFileReference; explicitFileType = wrapper.application; includeInIndex = 0; path = NoDice.app; sourceTree = BUILT_PRODUCTS_DIR; };
		F52CB6D82243BAFE006BE560 /* AppDelegate.swift */ = {isa = PBXFileReference; lastKnownFileType = sourcecode.swift; path = AppDelegate.swift; sourceTree = "<group>"; };
		F52CB6DA2243BAFE006BE560 /* ViewController.swift */ = {isa = PBXFileReference; lastKnownFileType = sourcecode.swift; path = ViewController.swift; sourceTree = "<group>"; };
		F52CB6DD2243BAFE006BE560 /* Base */ = {isa = PBXFileReference; lastKnownFileType = file.storyboard; name = Base; path = Base.lproj/Main.storyboard; sourceTree = "<group>"; };
		F52CB6DF2243BB00006BE560 /* Assets.xcassets */ = {isa = PBXFileReference; lastKnownFileType = folder.assetcatalog; path = Assets.xcassets; sourceTree = "<group>"; };
		F52CB6E22243BB00006BE560 /* Base */ = {isa = PBXFileReference; lastKnownFileType = file.storyboard; name = Base; path = Base.lproj/LaunchScreen.storyboard; sourceTree = "<group>"; };
		F52CB6E42243BB00006BE560 /* Info.plist */ = {isa = PBXFileReference; lastKnownFileType = text.plist.xml; path = Info.plist; sourceTree = "<group>"; };
		F52CB6EB2244A81D006BE560 /* Color.swift */ = {isa = PBXFileReference; lastKnownFileType = sourcecode.swift; path = Color.swift; sourceTree = "<group>"; xcLanguageSpecificationIdentifier = xcode.lang.swift; };
		F5342A362246C7A300044023 /* formatInputs.swift */ = {isa = PBXFileReference; lastKnownFileType = sourcecode.swift; path = formatInputs.swift; sourceTree = "<group>"; };
		F5342A382246C8E200044023 /* setColors.swift */ = {isa = PBXFileReference; lastKnownFileType = sourcecode.swift; path = setColors.swift; sourceTree = "<group>"; };
/* End PBXFileReference section */

/* Begin PBXFrameworksBuildPhase section */
		F52CB6D22243BAFE006BE560 /* Frameworks */ = {
			isa = PBXFrameworksBuildPhase;
			buildActionMask = 2147483647;
			files = (
			);
			runOnlyForDeploymentPostprocessing = 0;
		};
/* End PBXFrameworksBuildPhase section */

/* Begin PBXGroup section */
		F52CB6CC2243BAFE006BE560 = {
			isa = PBXGroup;
			children = (
				F52CB6D72243BAFE006BE560 /* ColorInspiration */,
				F52CB6D62243BAFE006BE560 /* Products */,
			);
			sourceTree = "<group>";
		};
		F52CB6D62243BAFE006BE560 /* Products */ = {
			isa = PBXGroup;
			children = (
				F52CB6D52243BAFE006BE560 /* NoDice.app */,
			);
			name = Products;
			sourceTree = "<group>";
		};
		F52CB6D72243BAFE006BE560 /* ColorInspiration */ = {
			isa = PBXGroup;
			children = (
				F52CB6EA2244A7E6006BE560 /* Modules */,
				F52CB6D82243BAFE006BE560 /* AppDelegate.swift */,
				F52CB6DA2243BAFE006BE560 /* ViewController.swift */,
				F52CB6DC2243BAFE006BE560 /* Main.storyboard */,
				F52CB6DF2243BB00006BE560 /* Assets.xcassets */,
				F52CB6E12243BB00006BE560 /* LaunchScreen.storyboard */,
				F52CB6E42243BB00006BE560 /* Info.plist */,
			);
			path = ColorInspiration;
			sourceTree = "<group>";
		};
		F52CB6EA2244A7E6006BE560 /* Modules */ = {
			isa = PBXGroup;
			children = (
				F52CB6EB2244A81D006BE560 /* Color.swift */,
				F5342A362246C7A300044023 /* formatInputs.swift */,
				F5342A382246C8E200044023 /* setColors.swift */,
			);
			path = Modules;
			sourceTree = "<group>";
		};
/* End PBXGroup section */

/* Begin PBXNativeTarget section */
		F52CB6D42243BAFE006BE560 /* NoDice */ = {
			isa = PBXNativeTarget;
			buildConfigurationList = F52CB6E72243BB00006BE560 /* Build configuration list for PBXNativeTarget "NoDice" */;
			buildPhases = (
				F52CB6D12243BAFE006BE560 /* Sources */,
				F52CB6D22243BAFE006BE560 /* Frameworks */,
				F52CB6D32243BAFE006BE560 /* Resources */,
			);
			buildRules = (
			);
			dependencies = (
			);
			name = NoDice;
			productName = NoDice;
			productReference = F52CB6D52243BAFE006BE560 /* NoDice.app */;
			productType = "com.apple.product-type.application";
		};
/* End PBXNativeTarget section */

/* Begin PBXProject section */
		F52CB6CD2243BAFE006BE560 /* Project object */ = {
			isa = PBXProject;
			attributes = {
				LastSwiftUpdateCheck = 1010;
				LastUpgradeCheck = 1010;
				ORGANIZATIONNAME = "Jeff Reynolds";
				TargetAttributes = {
					F52CB6D42243BAFE006BE560 = {
						CreatedOnToolsVersion = 10.1;
					};
				};
			};
			buildConfigurationList = F52CB6D02243BAFE006BE560 /* Build configuration list for PBXProject "ColorInspiration" */;
			compatibilityVersion = "Xcode 9.3";
			developmentRegion = en;
			hasScannedForEncodings = 0;
			knownRegions = (
				en,
				Base,
			);
			mainGroup = F52CB6CC2243BAFE006BE560;
			productRefGroup = F52CB6D62243BAFE006BE560 /* Products */;
			projectDirPath = "";
			projectRoot = "";
			targets = (
				F52CB6D42243BAFE006BE560 /* NoDice */,
			);
		};
/* End PBXProject section */

/* Begin PBXResourcesBuildPhase section */
		F52CB6D32243BAFE006BE560 /* Resources */ = {
			isa = PBXResourcesBuildPhase;
			buildActionMask = 2147483647;
			files = (
				F52CB6E32243BB00006BE560 /* LaunchScreen.storyboard in Resources */,
				F52CB6E02243BB00006BE560 /* Assets.xcassets in Resources */,
				F52CB6DE2243BAFE006BE560 /* Main.storyboard in Resources */,
			);
			runOnlyForDeploymentPostprocessing = 0;
		};
/* End PBXResourcesBuildPhase section */

/* Begin PBXSourcesBuildPhase section */
		F52CB6D12243BAFE006BE560 /* Sources */ = {
			isa = PBXSourcesBuildPhase;
			buildActionMask = 2147483647;
			files = (
				F52CB6DB2243BAFE006BE560 /* ViewController.swift in Sources */,
				F5342A372246C7A300044023 /* formatInputs.swift in Sources */,
				F52CB6D92243BAFE006BE560 /* AppDelegate.swift in Sources */,
				F52CB6EC2244A81D006BE560 /* Color.swift in Sources */,
				F5342A392246C8E200044023 /* setColors.swift in Sources */,
			);
			runOnlyForDeploymentPostprocessing = 0;
		};
/* End PBXSourcesBuildPhase section */

/* Begin PBXVariantGroup section */
		F52CB6DC2243BAFE006BE560 /* Main.storyboard */ = {
			isa = PBXVariantGroup;
			children = (
				F52CB6DD2243BAFE006BE560 /* Base */,
			);
			name = Main.storyboard;
			sourceTree = "<group>";
		};
		F52CB6E12243BB00006BE560 /* LaunchScreen.storyboard */ = {
			isa = PBXVariantGroup;
			children = (
				F52CB6E22243BB00006BE560 /* Base */,
			);
			name = LaunchScreen.storyboard;
			sourceTree = "<group>";
		};
/* End PBXVariantGroup section */

/* Begin XCBuildConfiguration section */
		F52CB6E52243BB00006BE560 /* Debug */ = {
			isa = XCBuildConfiguration;
			buildSettings = {
				ALWAYS_SEARCH_USER_PATHS = NO;
				CLANG_ANALYZER_NONNULL = YES;
				CLANG_ANALYZER_NUMBER_OBJECT_CONVERSION = YES_AGGRESSIVE;
				CLANG_CXX_LANGUAGE_STANDARD = "gnu++14";
				CLANG_CXX_LIBRARY = "libc++";
				CLANG_ENABLE_MODULES = YES;
				CLANG_ENABLE_OBJC_ARC = YES;
				CLANG_ENABLE_OBJC_WEAK = YES;
				CLANG_WARN_BLOCK_CAPTURE_AUTORELEASING = YES;
				CLANG_WARN_BOOL_CONVERSION = YES;
				CLANG_WARN_COMMA = YES;
				CLANG_WARN_CONSTANT_CONVERSION = YES;
				CLANG_WARN_DEPRECATED_OBJC_IMPLEMENTATIONS = YES;
				CLANG_WARN_DIRECT_OBJC_ISA_USAGE = YES_ERROR;
				CLANG_WARN_DOCUMENTATION_COMMENTS = YES;
				CLANG_WARN_EMPTY_BODY = YES;
				CLANG_WARN_ENUM_CONVERSION = YES;
				CLANG_WARN_INFINITE_RECURSION = YES;
				CLANG_WARN_INT_CONVERSION = YES;
				CLANG_WARN_NON_LITERAL_NULL_CONVERSION = YES;
				CLANG_WARN_OBJC_IMPLICIT_RETAIN_SELF = YES;
				CLANG_WARN_OBJC_LITERAL_CONVERSION = YES;
				CLANG_WARN_OBJC_ROOT_CLASS = YES_ERROR;
				CLANG_WARN_RANGE_LOOP_ANALYSIS = YES;
				CLANG_WARN_STRICT_PROTOTYPES = YES;
				CLANG_WARN_SUSPICIOUS_MOVE = YES;
				CLANG_WARN_UNGUARDED_AVAILABILITY = YES_AGGRESSIVE;
				CLANG_WARN_UNREACHABLE_CODE = YES;
				CLANG_WARN__DUPLICATE_METHOD_MATCH = YES;
				CODE_SIGN_IDENTITY = "iPhone Developer";
				COPY_PHASE_STRIP = NO;
				DEBUG_INFORMATION_FORMAT = dwarf;
				ENABLE_STRICT_OBJC_MSGSEND = YES;
				ENABLE_TESTABILITY = YES;
				GCC_C_LANGUAGE_STANDARD = gnu11;
				GCC_DYNAMIC_NO_PIC = NO;
				GCC_NO_COMMON_BLOCKS = YES;
				GCC_OPTIMIZATION_LEVEL = 0;
				GCC_PREPROCESSOR_DEFINITIONS = (
					"DEBUG=1",
					"$(inherited)",
				);
				GCC_WARN_64_TO_32_BIT_CONVERSION = YES;
				GCC_WARN_ABOUT_RETURN_TYPE = YES_ERROR;
				GCC_WARN_UNDECLARED_SELECTOR = YES;
				GCC_WARN_UNINITIALIZED_AUTOS = YES_AGGRESSIVE;
				GCC_WARN_UNUSED_FUNCTION = YES;
				GCC_WARN_UNUSED_VARIABLE = YES;
				IPHONEOS_DEPLOYMENT_TARGET = 12.1;
				MTL_ENABLE_DEBUG_INFO = INCLUDE_SOURCE;
				MTL_FAST_MATH = YES;
				ONLY_ACTIVE_ARCH = YES;
				SDKROOT = iphoneos;
				SWIFT_ACTIVE_COMPILATION_CONDITIONS = DEBUG;
				SWIFT_OPTIMIZATION_LEVEL = "-Onone";
			};
			name = Debug;
		};
		F52CB6E62243BB00006BE560 /* Release */ = {
			isa = XCBuildConfiguration;
			buildSettings = {
				ALWAYS_SEARCH_USER_PATHS = NO;
				CLANG_ANALYZER_NONNULL = YES;
				CLANG_ANALYZER_NUMBER_OBJECT_CONVERSION = YES_AGGRESSIVE;
				CLANG_CXX_LANGUAGE_STANDARD = "gnu++14";
				CLANG_CXX_LIBRARY = "libc++";
				CLANG_ENABLE_MODULES = YES;
				CLANG_ENABLE_OBJC_ARC = YES;
				CLANG_ENABLE_OBJC_WEAK = YES;
				CLANG_WARN_BLOCK_CAPTURE_AUTORELEASING = YES;
				CLANG_WARN_BOOL_CONVERSION = YES;
				CLANG_WARN_COMMA = YES;
				CLANG_WARN_CONSTANT_CONVERSION = YES;
				CLANG_WARN_DEPRECATED_OBJC_IMPLEMENTATIONS = YES;
				CLANG_WARN_DIRECT_OBJC_ISA_USAGE = YES_ERROR;
				CLANG_WARN_DOCUMENTATION_COMMENTS = YES;
				CLANG_WARN_EMPTY_BODY = YES;
				CLANG_WARN_ENUM_CONVERSION = YES;
				CLANG_WARN_INFINITE_RECURSION = YES;
				CLANG_WARN_INT_CONVERSION = YES;
				CLANG_WARN_NON_LITERAL_NULL_CONVERSION = YES;
				CLANG_WARN_OBJC_IMPLICIT_RETAIN_SELF = YES;
				CLANG_WARN_OBJC_LITERAL_CONVERSION = YES;
				CLANG_WARN_OBJC_ROOT_CLASS = YES_ERROR;
				CLANG_WARN_RANGE_LOOP_ANALYSIS = YES;
				CLANG_WARN_STRICT_PROTOTYPES = YES;
				CLANG_WARN_SUSPICIOUS_MOVE = YES;
				CLANG_WARN_UNGUARDED_AVAILABILITY = YES_AGGRESSIVE;
				CLANG_WARN_UNREACHABLE_CODE = YES;
				CLANG_WARN__DUPLICATE_METHOD_MATCH = YES;
				CODE_SIGN_IDENTITY = "iPhone Developer";
				COPY_PHASE_STRIP = NO;
				DEBUG_INFORMATION_FORMAT = "dwarf-with-dsym";
				ENABLE_NS_ASSERTIONS = NO;
				ENABLE_STRICT_OBJC_MSGSEND = YES;
				GCC_C_LANGUAGE_STANDARD = gnu11;
				GCC_NO_COMMON_BLOCKS = YES;
				GCC_WARN_64_TO_32_BIT_CONVERSION = YES;
				GCC_WARN_ABOUT_RETURN_TYPE = YES_ERROR;
				GCC_WARN_UNDECLARED_SELECTOR = YES;
				GCC_WARN_UNINITIALIZED_AUTOS = YES_AGGRESSIVE;
				GCC_WARN_UNUSED_FUNCTION = YES;
				GCC_WARN_UNUSED_VARIABLE = YES;
				IPHONEOS_DEPLOYMENT_TARGET = 12.1;
				MTL_ENABLE_DEBUG_INFO = NO;
				MTL_FAST_MATH = YES;
				SDKROOT = iphoneos;
				SWIFT_COMPILATION_MODE = wholemodule;
				SWIFT_OPTIMIZATION_LEVEL = "-O";
				VALIDATE_PRODUCT = YES;
			};
			name = Release;
		};
		F52CB6E82243BB00006BE560 /* Debug */ = {
			isa = XCBuildConfiguration;
			buildSettings = {
				ASSETCATALOG_COMPILER_APPICON_NAME = AppIcon;
				CODE_SIGN_STYLE = Automatic;
				INFOPLIST_FILE = ColorInspiration/Info.plist;
				LD_RUNPATH_SEARCH_PATHS = (
					"$(inherited)",
					"@executable_path/Frameworks",
				);
				PRODUCT_BUNDLE_IDENTIFIER = com.JeffReynolds.ColorInspiration;
				PRODUCT_NAME = "$(TARGET_NAME)";
				SWIFT_VERSION = 4.2;
				TARGETED_DEVICE_FAMILY = "1,2";
			};
			name = Debug;
		};
		F52CB6E92243BB00006BE560 /* Release */ = {
			isa = XCBuildConfiguration;
			buildSettings = {
				ASSETCATALOG_COMPILER_APPICON_NAME = AppIcon;
				CODE_SIGN_STYLE = Automatic;
				INFOPLIST_FILE = ColorInspiration/Info.plist;
				LD_RUNPATH_SEARCH_PATHS = (
					"$(inherited)",
					"@executable_path/Frameworks",
				);
				PRODUCT_BUNDLE_IDENTIFIER = com.JeffReynolds.ColorInspiration;
				PRODUCT_NAME = "$(TARGET_NAME)";
				SWIFT_VERSION = 4.2;
				TARGETED_DEVICE_FAMILY = "1,2";
			};
			name = Release;
		};
/* End XCBuildConfiguration section */

/* Begin XCConfigurationList section */
		F52CB6D02243BAFE006BE560 /* Build configuration list for PBXProject "ColorInspiration" */ = {
			isa = XCConfigurationList;
			buildConfigurations = (
				F52CB6E52243BB00006BE560 /* Debug */,
				F52CB6E62243BB00006BE560 /* Release */,
			);
			defaultConfigurationIsVisible = 0;
			defaultConfigurationName = Release;
		};
		F52CB6E72243BB00006BE560 /* Build configuration list for PBXNativeTarget "NoDice" */ = {
			isa = XCConfigurationList;
			buildConfigurations = (
				F52CB6E82243BB00006BE560 /* Debug */,
				F52CB6E92243BB00006BE560 /* Release */,
			);
			defaultConfigurationIsVisible = 0;
			defaultConfigurationName = Release;
		};
/* End XCConfigurationList section */
	};
	rootObject = F52CB6CD2243BAFE006BE560 /* Project object */;
}
